
Microsoft Visual Studio Solution File, Format Version 12.00
# Visual Studio Version 17
VisualStudioVersion = 17.7.34031.279
MinimumVisualStudioVersion = 10.0.40219.1
Project("{FAE04EC0-301F-11D3-BF4B-00C04F79EFBC}") = "sumaMVVM", "sumaMVVM\sumaMVVM.csproj", "{661ABD1A-BF4B-4024-B585-6063FA9314AA}"
EndProject
Global
	GlobalSection(SolutionConfigurationPlatforms) = preSolution
		Debug|Any CPU = Debug|Any CPU
		Release|Any CPU = Release|Any CPU
	EndGlobalSection
	GlobalSection(ProjectConfigurationPlatforms) = postSolution
		{661ABD1A-BF4B-4024-B585-6063FA9314AA}.Debug|Any CPU.ActiveCfg = Debug|Any CPU
		{661ABD1A-BF4B-4024-B585-6063FA9314AA}.Debug|Any CPU.Build.0 = Debug|Any CPU
		{661ABD1A-BF4B-4024-B585-6063FA9314AA}.Debug|Any CPU.Deploy.0 = Debug|Any CPU
		{661ABD1A-BF4B-4024-B585-6063FA9314AA}.Release|Any CPU.ActiveCfg = Release|Any CPU
		{661ABD1A-BF4B-4024-B585-6063FA9314AA}.Release|Any CPU.Build.0 = Release|Any CPU
		{661ABD1A-BF4B-4024-B585-6063FA9314AA}.Release|Any CPU.Deploy.0 = Release|Any CPU
	EndGlobalSection
	GlobalSection(SolutionProperties) = preSolution
		HideSolutionNode = FALSE
	EndGlobalSection
	GlobalSection(ExtensibilityGlobals) = postSolution
		SolutionGuid = {73178A17-6FF0-4E0F-BDEF-DFE48AFA202F}
	EndGlobalSection
EndGlobal
